// !$*UTF8*$!
{
	archiveVersion = 1;
	classes = {
	};
	objectVersion = 56;
	objects = {

/* Begin PBXBuildFile section */
		49E6255D2B7A8A940069BD1F /* HWS_MoonshotApp.swift in Sources */ = {isa = PBXBuildFile; fileRef = 49E6255C2B7A8A940069BD1F /* HWS_MoonshotApp.swift */; };
		49E6255F2B7A8A940069BD1F /* ContentView.swift in Sources */ = {isa = PBXBuildFile; fileRef = 49E6255E2B7A8A940069BD1F /* ContentView.swift */; };
		49E625612B7A8A960069BD1F /* Assets.xcassets in Resources */ = {isa = PBXBuildFile; fileRef = 49E625602B7A8A960069BD1F /* Assets.xcassets */; };
		49E625642B7A8A960069BD1F /* Preview Assets.xcassets in Resources */ = {isa = PBXBuildFile; fileRef = 49E625632B7A8A960069BD1F /* Preview Assets.xcassets */; };
		49E6256C2B7A8C400069BD1F /* astronauts.json in Resources */ = {isa = PBXBuildFile; fileRef = 49E6256A2B7A8C400069BD1F /* astronauts.json */; };
		49E6256D2B7A8C400069BD1F /* missions.json in Resources */ = {isa = PBXBuildFile; fileRef = 49E6256B2B7A8C400069BD1F /* missions.json */; };
		49E6256F2B7A8D0B0069BD1F /* Astronaut.swift in Sources */ = {isa = PBXBuildFile; fileRef = 49E6256E2B7A8D0B0069BD1F /* Astronaut.swift */; };
		49E625712B7A8E050069BD1F /* Bundle-Decodable.swift in Sources */ = {isa = PBXBuildFile; fileRef = 49E625702B7A8E050069BD1F /* Bundle-Decodable.swift */; };
		49E625732B7BDD510069BD1F /* Mission.swift in Sources */ = {isa = PBXBuildFile; fileRef = 49E625722B7BDD510069BD1F /* Mission.swift */; };
		49E6259E2B8126AF0069BD1F /* Color-Theme.swift in Sources */ = {isa = PBXBuildFile; fileRef = 49E6259D2B8126AF0069BD1F /* Color-Theme.swift */; };
		49E625A02B812A710069BD1F /* MissionView.swift in Sources */ = {isa = PBXBuildFile; fileRef = 49E6259F2B812A710069BD1F /* MissionView.swift */; };
		49E625A22B825C980069BD1F /* AstronautView.swift in Sources */ = {isa = PBXBuildFile; fileRef = 49E625A12B825C980069BD1F /* AstronautView.swift */; };
/* End PBXBuildFile section */

/* Begin PBXFileReference section */
		49E625592B7A8A940069BD1F /* HWS_Moonshot.app */ = {isa = PBXFileReference; explicitFileType = wrapper.application; includeInIndex = 0; path = HWS_Moonshot.app; sourceTree = BUILT_PRODUCTS_DIR; };
		49E6255C2B7A8A940069BD1F /* HWS_MoonshotApp.swift */ = {isa = PBXFileReference; lastKnownFileType = sourcecode.swift; path = HWS_MoonshotApp.swift; sourceTree = "<group>"; };
		49E6255E2B7A8A940069BD1F /* ContentView.swift */ = {isa = PBXFileReference; lastKnownFileType = sourcecode.swift; path = ContentView.swift; sourceTree = "<group>"; };
		49E625602B7A8A960069BD1F /* Assets.xcassets */ = {isa = PBXFileReference; lastKnownFileType = folder.assetcatalog; path = Assets.xcassets; sourceTree = "<group>"; };
		49E625632B7A8A960069BD1F /* Preview Assets.xcassets */ = {isa = PBXFileReference; lastKnownFileType = folder.assetcatalog; path = "Preview Assets.xcassets"; sourceTree = "<group>"; };
		49E6256A2B7A8C400069BD1F /* astronauts.json */ = {isa = PBXFileReference; fileEncoding = 4; lastKnownFileType = text.json; path = astronauts.json; sourceTree = "<group>"; };
		49E6256B2B7A8C400069BD1F /* missions.json */ = {isa = PBXFileReference; fileEncoding = 4; lastKnownFileType = text.json; path = missions.json; sourceTree = "<group>"; };
		49E6256E2B7A8D0B0069BD1F /* Astronaut.swift */ = {isa = PBXFileReference; lastKnownFileType = sourcecode.swift; path = Astronaut.swift; sourceTree = "<group>"; };
		49E625702B7A8E050069BD1F /* Bundle-Decodable.swift */ = {isa = PBXFileReference; lastKnownFileType = sourcecode.swift; path = "Bundle-Decodable.swift"; sourceTree = "<group>"; };
		49E625722B7BDD510069BD1F /* Mission.swift */ = {isa = PBXFileReference; lastKnownFileType = sourcecode.swift; path = Mission.swift; sourceTree = "<group>"; };
		49E6259D2B8126AF0069BD1F /* Color-Theme.swift */ = {isa = PBXFileReference; lastKnownFileType = sourcecode.swift; path = "Color-Theme.swift"; sourceTree = "<group>"; };
		49E6259F2B812A710069BD1F /* MissionView.swift */ = {isa = PBXFileReference; lastKnownFileType = sourcecode.swift; path = MissionView.swift; sourceTree = "<group>"; };
		49E625A12B825C980069BD1F /* AstronautView.swift */ = {isa = PBXFileReference; lastKnownFileType = sourcecode.swift; path = AstronautView.swift; sourceTree = "<group>"; };
/* End PBXFileReference section */

/* Begin PBXFrameworksBuildPhase section */
		49E625562B7A8A940069BD1F /* Frameworks */ = {
			isa = PBXFrameworksBuildPhase;
			buildActionMask = 2147483647;
			files = (
			);
			runOnlyForDeploymentPostprocessing = 0;
		};
/* End PBXFrameworksBuildPhase section */

/* Begin PBXGroup section */
		49E625502B7A8A940069BD1F = {
			isa = PBXGroup;
			children = (
				49E6255B2B7A8A940069BD1F /* HWS_Moonshot */,
				49E6255A2B7A8A940069BD1F /* Products */,
			);
			sourceTree = "<group>";
		};
		49E6255A2B7A8A940069BD1F /* Products */ = {
			isa = PBXGroup;
			children = (
				49E625592B7A8A940069BD1F /* HWS_Moonshot.app */,
			);
			name = Products;
			sourceTree = "<group>";
		};
		49E6255B2B7A8A940069BD1F /* HWS_Moonshot */ = {
			isa = PBXGroup;
			children = (
				49E6255C2B7A8A940069BD1F /* HWS_MoonshotApp.swift */,
				49E6255E2B7A8A940069BD1F /* ContentView.swift */,
				49E6259F2B812A710069BD1F /* MissionView.swift */,
				49E625A12B825C980069BD1F /* AstronautView.swift */,
				49E6259D2B8126AF0069BD1F /* Color-Theme.swift */,
				49E6256E2B7A8D0B0069BD1F /* Astronaut.swift */,
				49E625722B7BDD510069BD1F /* Mission.swift */,
				49E625702B7A8E050069BD1F /* Bundle-Decodable.swift */,
				49E6256A2B7A8C400069BD1F /* astronauts.json */,
				49E6256B2B7A8C400069BD1F /* missions.json */,
				49E625602B7A8A960069BD1F /* Assets.xcassets */,
				49E625622B7A8A960069BD1F /* Preview Content */,
			);
			path = HWS_Moonshot;
			sourceTree = "<group>";
		};
		49E625622B7A8A960069BD1F /* Preview Content */ = {
			isa = PBXGroup;
			children = (
				49E625632B7A8A960069BD1F /* Preview Assets.xcassets */,
			);
			path = "Preview Content";
			sourceTree = "<group>";
		};
/* End PBXGroup section */

/* Begin PBXNativeTarget section */
		49E625582B7A8A940069BD1F /* HWS_Moonshot */ = {
			isa = PBXNativeTarget;
			buildConfigurationList = 49E625672B7A8A960069BD1F /* Build configuration list for PBXNativeTarget "HWS_Moonshot" */;
			buildPhases = (
				49E625552B7A8A940069BD1F /* Sources */,
				49E625562B7A8A940069BD1F /* Frameworks */,
				49E625572B7A8A940069BD1F /* Resources */,
			);
			buildRules = (
			);
			dependencies = (
			);
			name = HWS_Moonshot;
			productName = HWS_Moonshot;
			productReference = 49E625592B7A8A940069BD1F /* HWS_Moonshot.app */;
			productType = "com.apple.product-type.application";
		};
/* End PBXNativeTarget section */

/* Begin PBXProject section */
		49E625512B7A8A940069BD1F /* Project object */ = {
			isa = PBXProject;
			attributes = {
				BuildIndependentTargetsInParallel = 1;
				LastSwiftUpdateCheck = 1520;
				LastUpgradeCheck = 1520;
				TargetAttributes = {
					49E625582B7A8A940069BD1F = {
						CreatedOnToolsVersion = 15.2;
					};
				};
			};
			buildConfigurationList = 49E625542B7A8A940069BD1F /* Build configuration list for PBXProject "HWS_Moonshot" */;
			compatibilityVersion = "Xcode 14.0";
			developmentRegion = en;
			hasScannedForEncodings = 0;
			knownRegions = (
				en,
				Base,
			);
			mainGroup = 49E625502B7A8A940069BD1F;
			productRefGroup = 49E6255A2B7A8A940069BD1F /* Products */;
			projectDirPath = "";
			projectRoot = "";
			targets = (
				49E625582B7A8A940069BD1F /* HWS_Moonshot */,
			);
		};
/* End PBXProject section */

/* Begin PBXResourcesBuildPhase section */
		49E625572B7A8A940069BD1F /* Resources */ = {
			isa = PBXResourcesBuildPhase;
			buildActionMask = 2147483647;
			files = (
				49E6256C2B7A8C400069BD1F /* astronauts.json in Resources */,
				49E625642B7A8A960069BD1F /* Preview Assets.xcassets in Resources */,
				49E6256D2B7A8C400069BD1F /* missions.json in Resources */,
				49E625612B7A8A960069BD1F /* Assets.xcassets in Resources */,
			);
			runOnlyForDeploymentPostprocessing = 0;
		};
/* End PBXResourcesBuildPhase section */

/* Begin PBXSourcesBuildPhase section */
		49E625552B7A8A940069BD1F /* Sources */ = {
			isa = PBXSourcesBuildPhase;
			buildActionMask = 2147483647;
			files = (
				49E625A02B812A710069BD1F /* MissionView.swift in Sources */,
				49E6256F2B7A8D0B0069BD1F /* Astronaut.swift in Sources */,
				49E625A22B825C980069BD1F /* AstronautView.swift in Sources */,
				49E6259E2B8126AF0069BD1F /* Color-Theme.swift in Sources */,
				49E6255F2B7A8A940069BD1F /* ContentView.swift in Sources */,
				49E6255D2B7A8A940069BD1F /* HWS_MoonshotApp.swift in Sources */,
				49E625732B7BDD510069BD1F /* Mission.swift in Sources */,
				49E625712B7A8E050069BD1F /* Bundle-Decodable.swift in Sources */,
			);
			runOnlyForDeploymentPostprocessing = 0;
		};
/* End PBXSourcesBuildPhase section */

/* Begin XCBuildConfiguration section */
		49E625652B7A8A960069BD1F /* Debug */ = {
			isa = XCBuildConfiguration;
			buildSettings = {
				ALWAYS_SEARCH_USER_PATHS = NO;
				ASSETCATALOG_COMPILER_GENERATE_SWIFT_ASSET_SYMBOL_EXTENSIONS = YES;
				CLANG_ANALYZER_NONNULL = YES;
				CLANG_ANALYZER_NUMBER_OBJECT_CONVERSION = YES_AGGRESSIVE;
				CLANG_CXX_LANGUAGE_STANDARD = "gnu++20";
				CLANG_ENABLE_MODULES = YES;
				CLANG_ENABLE_OBJC_ARC = YES;
				CLANG_ENABLE_OBJC_WEAK = YES;
				CLANG_WARN_BLOCK_CAPTURE_AUTORELEASING = YES;
				CLANG_WARN_BOOL_CONVERSION = YES;
				CLANG_WARN_COMMA = YES;
				CLANG_WARN_CONSTANT_CONVERSION = YES;
				CLANG_WARN_DEPRECATED_OBJC_IMPLEMENTATIONS = YES;
				CLANG_WARN_DIRECT_OBJC_ISA_USAGE = YES_ERROR;
				CLANG_WARN_DOCUMENTATION_COMMENTS = YES;
				CLANG_WARN_EMPTY_BODY = YES;
				CLANG_WARN_ENUM_CONVERSION = YES;
				CLANG_WARN_INFINITE_RECURSION = YES;
				CLANG_WARN_INT_CONVERSION = YES;
				CLANG_WARN_NON_LITERAL_NULL_CONVERSION = YES;
				CLANG_WARN_OBJC_IMPLICIT_RETAIN_SELF = YES;
				CLANG_WARN_OBJC_LITERAL_CONVERSION = YES;
				CLANG_WARN_OBJC_ROOT_CLASS = YES_ERROR;
				CLANG_WARN_QUOTED_INCLUDE_IN_FRAMEWORK_HEADER = YES;
				CLANG_WARN_RANGE_LOOP_ANALYSIS = YES;
				CLANG_WARN_STRICT_PROTOTYPES = YES;
				CLANG_WARN_SUSPICIOUS_MOVE = YES;
				CLANG_WARN_UNGUARDED_AVAILABILITY = YES_AGGRESSIVE;
				CLANG_WARN_UNREACHABLE_CODE = YES;
				CLANG_WARN__DUPLICATE_METHOD_MATCH = YES;
				COPY_PHASE_STRIP = NO;
				DEBUG_INFORMATION_FORMAT = dwarf;
				ENABLE_STRICT_OBJC_MSGSEND = YES;
				ENABLE_TESTABILITY = YES;
				ENABLE_USER_SCRIPT_SANDBOXING = YES;
				GCC_C_LANGUAGE_STANDARD = gnu17;
				GCC_DYNAMIC_NO_PIC = NO;
				GCC_NO_COMMON_BLOCKS = YES;
				GCC_OPTIMIZATION_LEVEL = 0;
				GCC_PREPROCESSOR_DEFINITIONS = (
					"DEBUG=1",
					"$(inherited)",
				);
				GCC_WARN_64_TO_32_BIT_CONVERSION = YES;
				GCC_WARN_ABOUT_RETURN_TYPE = YES_ERROR;
				GCC_WARN_UNDECLARED_SELECTOR = YES;
				GCC_WARN_UNINITIALIZED_AUTOS = YES_AGGRESSIVE;
				GCC_WARN_UNUSED_FUNCTION = YES;
				GCC_WARN_UNUSED_VARIABLE = YES;
				IPHONEOS_DEPLOYMENT_TARGET = 17.2;
				LOCALIZATION_PREFERS_STRING_CATALOGS = YES;
				MTL_ENABLE_DEBUG_INFO = INCLUDE_SOURCE;
				MTL_FAST_MATH = YES;
				ONLY_ACTIVE_ARCH = YES;
				SDKROOT = iphoneos;
				SWIFT_ACTIVE_COMPILATION_CONDITIONS = "DEBUG $(inherited)";
				SWIFT_OPTIMIZATION_LEVEL = "-Onone";
			};
			name = Debug;
		};
		49E625662B7A8A960069BD1F /* Release */ = {
			isa = XCBuildConfiguration;
			buildSettings = {
				ALWAYS_SEARCH_USER_PATHS = NO;
				ASSETCATALOG_COMPILER_GENERATE_SWIFT_ASSET_SYMBOL_EXTENSIONS = YES;
				CLANG_ANALYZER_NONNULL = YES;
				CLANG_ANALYZER_NUMBER_OBJECT_CONVERSION = YES_AGGRESSIVE;
				CLANG_CXX_LANGUAGE_STANDARD = "gnu++20";
				CLANG_ENABLE_MODULES = YES;
				CLANG_ENABLE_OBJC_ARC = YES;
				CLANG_ENABLE_OBJC_WEAK = YES;
				CLANG_WARN_BLOCK_CAPTURE_AUTORELEASING = YES;
				CLANG_WARN_BOOL_CONVERSION = YES;
				CLANG_WARN_COMMA = YES;
				CLANG_WARN_CONSTANT_CONVERSION = YES;
				CLANG_WARN_DEPRECATED_OBJC_IMPLEMENTATIONS = YES;
				CLANG_WARN_DIRECT_OBJC_ISA_USAGE = YES_ERROR;
				CLANG_WARN_DOCUMENTATION_COMMENTS = YES;
				CLANG_WARN_EMPTY_BODY = YES;
				CLANG_WARN_ENUM_CONVERSION = YES;
				CLANG_WARN_INFINITE_RECURSION = YES;
				CLANG_WARN_INT_CONVERSION = YES;
				CLANG_WARN_NON_LITERAL_NULL_CONVERSION = YES;
				CLANG_WARN_OBJC_IMPLICIT_RETAIN_SELF = YES;
				CLANG_WARN_OBJC_LITERAL_CONVERSION = YES;
				CLANG_WARN_OBJC_ROOT_CLASS = YES_ERROR;
				CLANG_WARN_QUOTED_INCLUDE_IN_FRAMEWORK_HEADER = YES;
				CLANG_WARN_RANGE_LOOP_ANALYSIS = YES;
				CLANG_WARN_STRICT_PROTOTYPES = YES;
				CLANG_WARN_SUSPICIOUS_MOVE = YES;
				CLANG_WARN_UNGUARDED_AVAILABILITY = YES_AGGRESSIVE;
				CLANG_WARN_UNREACHABLE_CODE = YES;
				CLANG_WARN__DUPLICATE_METHOD_MATCH = YES;
				COPY_PHASE_STRIP = NO;
				DEBUG_INFORMATION_FORMAT = "dwarf-with-dsym";
				ENABLE_NS_ASSERTIONS = NO;
				ENABLE_STRICT_OBJC_MSGSEND = YES;
				ENABLE_USER_SCRIPT_SANDBOXING = YES;
				GCC_C_LANGUAGE_STANDARD = gnu17;
				GCC_NO_COMMON_BLOCKS = YES;
				GCC_WARN_64_TO_32_BIT_CONVERSION = YES;
				GCC_WARN_ABOUT_RETURN_TYPE = YES_ERROR;
				GCC_WARN_UNDECLARED_SELECTOR = YES;
				GCC_WARN_UNINITIALIZED_AUTOS = YES_AGGRESSIVE;
				GCC_WARN_UNUSED_FUNCTION = YES;
				GCC_WARN_UNUSED_VARIABLE = YES;
				IPHONEOS_DEPLOYMENT_TARGET = 17.2;
				LOCALIZATION_PREFERS_STRING_CATALOGS = YES;
				MTL_ENABLE_DEBUG_INFO = NO;
				MTL_FAST_MATH = YES;
				SDKROOT = iphoneos;
				SWIFT_COMPILATION_MODE = wholemodule;
				VALIDATE_PRODUCT = YES;
			};
			name = Release;
		};
		49E625682B7A8A960069BD1F /* Debug */ = {
			isa = XCBuildConfiguration;
			buildSettings = {
				ASSETCATALOG_COMPILER_APPICON_NAME = AppIcon;
				ASSETCATALOG_COMPILER_GLOBAL_ACCENT_COLOR_NAME = AccentColor;
				CODE_SIGN_STYLE = Automatic;
				CURRENT_PROJECT_VERSION = 1;
				DEVELOPMENT_ASSET_PATHS = "\"HWS_Moonshot/Preview Content\"";
				DEVELOPMENT_TEAM = 3LC58NXKVL;
				ENABLE_PREVIEWS = YES;
				GENERATE_INFOPLIST_FILE = YES;
				INFOPLIST_KEY_UIApplicationSceneManifest_Generation = YES;
				INFOPLIST_KEY_UIApplicationSupportsIndirectInputEvents = YES;
				INFOPLIST_KEY_UILaunchScreen_Generation = YES;
				INFOPLIST_KEY_UISupportedInterfaceOrientations_iPad = "UIInterfaceOrientationPortrait UIInterfaceOrientationPortraitUpsideDown UIInterfaceOrientationLandscapeLeft UIInterfaceOrientationLandscapeRight";
				INFOPLIST_KEY_UISupportedInterfaceOrientations_iPhone = "UIInterfaceOrientationPortrait UIInterfaceOrientationLandscapeLeft UIInterfaceOrientationLandscapeRight";
				LD_RUNPATH_SEARCH_PATHS = (
					"$(inherited)",
					"@executable_path/Frameworks",
				);
				MARKETING_VERSION = 1.0;
				PRODUCT_BUNDLE_IDENTIFIER = "com.ekayaint.HWS-Moonshot";
				PRODUCT_NAME = "$(TARGET_NAME)";
				SWIFT_EMIT_LOC_STRINGS = YES;
				SWIFT_VERSION = 5.0;
				TARGETED_DEVICE_FAMILY = "1,2";
			};
			name = Debug;
		};
		49E625692B7A8A960069BD1F /* Release */ = {
			isa = XCBuildConfiguration;
			buildSettings = {
				ASSETCATALOG_COMPILER_APPICON_NAME = AppIcon;
				ASSETCATALOG_COMPILER_GLOBAL_ACCENT_COLOR_NAME = AccentColor;
				CODE_SIGN_STYLE = Automatic;
				CURRENT_PROJECT_VERSION = 1;
				DEVELOPMENT_ASSET_PATHS = "\"HWS_Moonshot/Preview Content\"";
				DEVELOPMENT_TEAM = 3LC58NXKVL;
				ENABLE_PREVIEWS = YES;
				GENERATE_INFOPLIST_FILE = YES;
				INFOPLIST_KEY_UIApplicationSceneManifest_Generation = YES;
				INFOPLIST_KEY_UIApplicationSupportsIndirectInputEvents = YES;
				INFOPLIST_KEY_UILaunchScreen_Generation = YES;
				INFOPLIST_KEY_UISupportedInterfaceOrientations_iPad = "UIInterfaceOrientationPortrait UIInterfaceOrientationPortraitUpsideDown UIInterfaceOrientationLandscapeLeft UIInterfaceOrientationLandscapeRight";
				INFOPLIST_KEY_UISupportedInterfaceOrientations_iPhone = "UIInterfaceOrientationPortrait UIInterfaceOrientationLandscapeLeft UIInterfaceOrientationLandscapeRight";
				LD_RUNPATH_SEARCH_PATHS = (
					"$(inherited)",
					"@executable_path/Frameworks",
				);
				MARKETING_VERSION = 1.0;
				PRODUCT_BUNDLE_IDENTIFIER = "com.ekayaint.HWS-Moonshot";
				PRODUCT_NAME = "$(TARGET_NAME)";
				SWIFT_EMIT_LOC_STRINGS = YES;
				SWIFT_VERSION = 5.0;
				TARGETED_DEVICE_FAMILY = "1,2";
			};
			name = Release;
		};
/* End XCBuildConfiguration section */

/* Begin XCConfigurationList section */
		49E625542B7A8A940069BD1F /* Build configuration list for PBXProject "HWS_Moonshot" */ = {
			isa = XCConfigurationList;
			buildConfigurations = (
				49E625652B7A8A960069BD1F /* Debug */,
				49E625662B7A8A960069BD1F /* Release */,
			);
			defaultConfigurationIsVisible = 0;
			defaultConfigurationName = Release;
		};
		49E625672B7A8A960069BD1F /* Build configuration list for PBXNativeTarget "HWS_Moonshot" */ = {
			isa = XCConfigurationList;
			buildConfigurations = (
				49E625682B7A8A960069BD1F /* Debug */,
				49E625692B7A8A960069BD1F /* Release */,
			);
			defaultConfigurationIsVisible = 0;
			defaultConfigurationName = Release;
		};
/* End XCConfigurationList section */
	};
	rootObject = 49E625512B7A8A940069BD1F /* Project object */;
}
